
Microsoft Visual Studio Solution File, Format Version 12.00
# Visual Studio Version 17
VisualStudioVersion = 17.7.34024.191
MinimumVisualStudioVersion = 10.0.40219.1
Project("{FAE04EC0-301F-11D3-BF4B-00C04F79EFBC}") = "LoginForm", "WindowsFormsApp3\LoginForm.csproj", "{628FF96E-29F5-46B6-B2BF-2A0008211268}"
EndProject
Global
	GlobalSection(SolutionConfigurationPlatforms) = preSolution
		Debug|Any CPU = Debug|Any CPU
		Release|Any CPU = Release|Any CPU
	EndGlobalSection
	GlobalSection(ProjectConfigurationPlatforms) = postSolution
		{628FF96E-29F5-46B6-B2BF-2A0008211268}.Debug|Any CPU.ActiveCfg = Debug|Any CPU
		{628FF96E-29F5-46B6-B2BF-2A0008211268}.Debug|Any CPU.Build.0 = Debug|Any CPU
		{628FF96E-29F5-46B6-B2BF-2A0008211268}.Release|Any CPU.ActiveCfg = Release|Any CPU
		{628FF96E-29F5-46B6-B2BF-2A0008211268}.Release|Any CPU.Build.0 = Release|Any CPU
	EndGlobalSection
	GlobalSection(SolutionProperties) = preSolution
		HideSolutionNode = FALSE
	EndGlobalSection
	GlobalSection(ExtensibilityGlobals) = postSolution
		SolutionGuid = {E4A5AAD7-597F-4505-BF1C-0AB73C187DE1}
	EndGlobalSection
EndGlobal
